
Microsoft Visual Studio Solution File, Format Version 12.00
# Visual Studio 15
VisualStudioVersion = 15.0.26430.15
MinimumVisualStudioVersion = 10.0.40219.1
Project("{FAE04EC0-301F-11D3-BF4B-00C04F79EFBC}") = "OneCafeteriaApi", "OneCafeteriaApi\OneCafeteriaApi.csproj", "{017CAEBC-0664-425A-8E98-5126D6C447C1}"
EndProject
Project("{FAE04EC0-301F-11D3-BF4B-00C04F79EFBC}") = "OneCafeteriaApi.Provider", "OneCafeteriaApi.Provider\OneCafeteriaApi.Provider.csproj", "{F632E552-3EE9-4972-9057-1C6FC35F65D8}"
EndProject
Global
	GlobalSection(SolutionConfigurationPlatforms) = preSolution
		Debug|Any CPU = Debug|Any CPU
		Release|Any CPU = Release|Any CPU
	EndGlobalSection
	GlobalSection(ProjectConfigurationPlatforms) = postSolution
		{017CAEBC-0664-425A-8E98-5126D6C447C1}.Debug|Any CPU.ActiveCfg = Debug|Any CPU
		{017CAEBC-0664-425A-8E98-5126D6C447C1}.Debug|Any CPU.Build.0 = Debug|Any CPU
		{017CAEBC-0664-425A-8E98-5126D6C447C1}.Release|Any CPU.ActiveCfg = Release|Any CPU
		{017CAEBC-0664-425A-8E98-5126D6C447C1}.Release|Any CPU.Build.0 = Release|Any CPU
		{F632E552-3EE9-4972-9057-1C6FC35F65D8}.Debug|Any CPU.ActiveCfg = Debug|Any CPU
		{F632E552-3EE9-4972-9057-1C6FC35F65D8}.Debug|Any CPU.Build.0 = Debug|Any CPU
		{F632E552-3EE9-4972-9057-1C6FC35F65D8}.Release|Any CPU.ActiveCfg = Release|Any CPU
		{F632E552-3EE9-4972-9057-1C6FC35F65D8}.Release|Any CPU.Build.0 = Release|Any CPU
	EndGlobalSection
	GlobalSection(SolutionProperties) = preSolution
		HideSolutionNode = FALSE
	EndGlobalSection
EndGlobal
